
Microsoft Visual Studio Solution File, Format Version 12.00
# Visual Studio Version 17
VisualStudioVersion = 17.2.32505.173
MinimumVisualStudioVersion = 10.0.40219.1
Project("{9A19103F-16F7-4668-BE54-9A1E7A4F7556}") = "Pomodoro_Clock", "Pomodoro_Clock\Pomodoro_Clock.csproj", "{5F6D8D2B-444A-4F5F-AE2A-BE51A81F7BD6}"
EndProject
Project("{2150E333-8FDC-42A3-9474-1A3956D46DE8}") = "Library", "Library", "{645E648A-FEBD-402A-AA82-B808D5ACCD94}"
EndProject
Project("{FAE04EC0-301F-11D3-BF4B-00C04F79EFBC}") = "LibraryFunction", "LibraryFunction\LibraryFunction.csproj", "{E148921A-FAFE-43D4-9A02-ECBCA7DEC432}"
EndProject
Global
	GlobalSection(SolutionConfigurationPlatforms) = preSolution
		Debug|Any CPU = Debug|Any CPU
		Release|Any CPU = Release|Any CPU
	EndGlobalSection
	GlobalSection(ProjectConfigurationPlatforms) = postSolution
		{5F6D8D2B-444A-4F5F-AE2A-BE51A81F7BD6}.Debug|Any CPU.ActiveCfg = Debug|Any CPU
		{5F6D8D2B-444A-4F5F-AE2A-BE51A81F7BD6}.Debug|Any CPU.Build.0 = Debug|Any CPU
		{5F6D8D2B-444A-4F5F-AE2A-BE51A81F7BD6}.Release|Any CPU.ActiveCfg = Release|Any CPU
		{5F6D8D2B-444A-4F5F-AE2A-BE51A81F7BD6}.Release|Any CPU.Build.0 = Release|Any CPU
		{E148921A-FAFE-43D4-9A02-ECBCA7DEC432}.Debug|Any CPU.ActiveCfg = Debug|Any CPU
		{E148921A-FAFE-43D4-9A02-ECBCA7DEC432}.Debug|Any CPU.Build.0 = Debug|Any CPU
		{E148921A-FAFE-43D4-9A02-ECBCA7DEC432}.Release|Any CPU.ActiveCfg = Release|Any CPU
		{E148921A-FAFE-43D4-9A02-ECBCA7DEC432}.Release|Any CPU.Build.0 = Release|Any CPU
	EndGlobalSection
	GlobalSection(SolutionProperties) = preSolution
		HideSolutionNode = FALSE
	EndGlobalSection
	GlobalSection(NestedProjects) = preSolution
		{E148921A-FAFE-43D4-9A02-ECBCA7DEC432} = {645E648A-FEBD-402A-AA82-B808D5ACCD94}
	EndGlobalSection
	GlobalSection(ExtensibilityGlobals) = postSolution
		SolutionGuid = {078C99B4-C431-404D-AAB8-E7C95D79FD02}
	EndGlobalSection
EndGlobal
